
Microsoft Visual Studio Solution File, Format Version 12.00
# Visual Studio 15
VisualStudioVersion = 15.0.27703.2026
MinimumVisualStudioVersion = 10.0.40219.1
Project("{9A19103F-16F7-4668-BE54-9A1E7A4F7556}") = "Api.Mailgun", "Api.Mailgun\Api.Mailgun.csproj", "{F4331F2F-3F5C-4020-B385-9C65BEE6D8EF}"
EndProject
Project("{FAE04EC0-301F-11D3-BF4B-00C04F79EFBC}") = "Api.Mailgun.Tests", "Api.Mailgun.Tests\Api.Mailgun.Tests.csproj", "{BE3CF4A5-8BE4-424B-A1B8-39EE6010C3E5}"
	ProjectSection(ProjectDependencies) = postProject
		{F4331F2F-3F5C-4020-B385-9C65BEE6D8EF} = {F4331F2F-3F5C-4020-B385-9C65BEE6D8EF}
	EndProjectSection
EndProject
Global
	GlobalSection(SolutionConfigurationPlatforms) = preSolution
		Debug|Any CPU = Debug|Any CPU
		Release|Any CPU = Release|Any CPU
	EndGlobalSection
	GlobalSection(ProjectConfigurationPlatforms) = postSolution
		{F4331F2F-3F5C-4020-B385-9C65BEE6D8EF}.Debug|Any CPU.ActiveCfg = Debug|Any CPU
		{F4331F2F-3F5C-4020-B385-9C65BEE6D8EF}.Debug|Any CPU.Build.0 = Debug|Any CPU
		{F4331F2F-3F5C-4020-B385-9C65BEE6D8EF}.Release|Any CPU.ActiveCfg = Release|Any CPU
		{F4331F2F-3F5C-4020-B385-9C65BEE6D8EF}.Release|Any CPU.Build.0 = Release|Any CPU
		{BE3CF4A5-8BE4-424B-A1B8-39EE6010C3E5}.Debug|Any CPU.ActiveCfg = Debug|Any CPU
		{BE3CF4A5-8BE4-424B-A1B8-39EE6010C3E5}.Debug|Any CPU.Build.0 = Debug|Any CPU
		{BE3CF4A5-8BE4-424B-A1B8-39EE6010C3E5}.Release|Any CPU.ActiveCfg = Release|Any CPU
		{BE3CF4A5-8BE4-424B-A1B8-39EE6010C3E5}.Release|Any CPU.Build.0 = Release|Any CPU
	EndGlobalSection
	GlobalSection(SolutionProperties) = preSolution
		HideSolutionNode = FALSE
	EndGlobalSection
	GlobalSection(ExtensibilityGlobals) = postSolution
		SolutionGuid = {4B808993-56FD-4C9B-A0EE-B17C16B1E9D1}
	EndGlobalSection
EndGlobal
